{
  "version": 4,
  "terraform_version": "1.15.8",
  "serial": 1,
  "lineage": "6b75c720-8596-07b7-a045-59e40ffa0e07",
  "outputs": {
    "file_name": {
      "value": "./hello.txt",
      "type": "string"
    }
  },
  "resources": [
    {
      "mode": "managed",
      "type": "local_file",
      "name": "practice",
      "provider": "provider[\"registry.terraform.io/hashicorp/local\"]",
      "instances": [
        {
          "schema_version": 0,
          "attributes": {
            "content": "Hello Amarnath, Terraform Practice Started!",
            "content_base64": null,
            "content_base64sha256": "KUmWNWHS1VPk/oRsOPtlEXB1uqePD9EkWTlUn5wMpB4=",
            "content_base64sha512": "Nl6HOv4dEjv7eiCrwMuxiGfePo0DAi1X0CXSearBSvOfttIeknXm2Sx1gvaL9KWXKB3l2YjFrpbErNqujV5O5g==",
            "content_md5": "f663558ddc6703f09ead1c9398bf2118",
            "content_sha1": "b877ee8de374805fe95f8e9f1e96e9d4f8c5b53a",
            "content_sha256": "2949963561d2d553e4fe846c38fb65117075baa78f0fd1245939549f9c0ca41e",
            "content_sha512": "365e873afe1d123bfb7a20abc0cbb18867de3e8d03022d57d025d279aac14af39fb6d21e9275e6d92c7582f68bf4a597281de5d988c5ae96c4acdaae8d5e4ee6",
            "directory_permission": "0777",
            "file_permission": "0777",
            "filename": "./hello.txt",
            "id": "b877ee8de374805fe95f8e9f1e96e9d4f8c5b53a",
            "sensitive_content": null,
            "source": null
          },
          "sensitive_attributes": [
            [
              {
                "type": "get_attr",
                "value": "sensitive_content"
              }
            ]
          ],
          "identity_schema_version": 0
        }
      ]
    }
  ],
  "check_results": null
}
